// !$*UTF8*$!
{
	archiveVersion = 1;
	classes = {
	};
	objectVersion = 46;
	objects = {

/* Begin PBXBuildFile section */
		901053621C035C81000BB4B4 /* AppDelegate.swift in Sources */ = {isa = PBXBuildFile; fileRef = 901053611C035C81000BB4B4 /* AppDelegate.swift */; };
		901053641C035C81000BB4B4 /* DrawingViewController.swift in Sources */ = {isa = PBXBuildFile; fileRef = 901053631C035C81000BB4B4 /* DrawingViewController.swift */; };
		901053671C035C81000BB4B4 /* Main.storyboard in Resources */ = {isa = PBXBuildFile; fileRef = 901053651C035C81000BB4B4 /* Main.storyboard */; };
		901053691C035C81000BB4B4 /* Assets.xcassets in Resources */ = {isa = PBXBuildFile; fileRef = 901053681C035C81000BB4B4 /* Assets.xcassets */; };
		9010536C1C035C81000BB4B4 /* LaunchScreen.storyboard in Resources */ = {isa = PBXBuildFile; fileRef = 9010536A1C035C81000BB4B4 /* LaunchScreen.storyboard */; };
		901053781C08BF3B000BB4B4 /* BrushSizeViewController.swift in Sources */ = {isa = PBXBuildFile; fileRef = 901053771C08BF3B000BB4B4 /* BrushSizeViewController.swift */; };
		9010537A1C0C94F9000BB4B4 /* OpacityViewController.swift in Sources */ = {isa = PBXBuildFile; fileRef = 901053791C0C94F9000BB4B4 /* OpacityViewController.swift */; };
		9010537C1C0CBDDD000BB4B4 /* ColorViewController.swift in Sources */ = {isa = PBXBuildFile; fileRef = 9010537B1C0CBDDD000BB4B4 /* ColorViewController.swift */; };
		9010537E1C0DEBC1000BB4B4 /* CustomColor.swift in Sources */ = {isa = PBXBuildFile; fileRef = 9010537D1C0DEBC1000BB4B4 /* CustomColor.swift */; };
/* End PBXBuildFile section */

/* Begin PBXFileReference section */
		9010535E1C035C81000BB4B4 /* Fingerpainter.app */ = {isa = PBXFileReference; explicitFileType = wrapper.application; includeInIndex = 0; path = Fingerpainter.app; sourceTree = BUILT_PRODUCTS_DIR; };
		901053611C035C81000BB4B4 /* AppDelegate.swift */ = {isa = PBXFileReference; lastKnownFileType = sourcecode.swift; path = AppDelegate.swift; sourceTree = "<group>"; };
		901053631C035C81000BB4B4 /* DrawingViewController.swift */ = {isa = PBXFileReference; lastKnownFileType = sourcecode.swift; path = DrawingViewController.swift; sourceTree = "<group>"; };
		901053661C035C81000BB4B4 /* Base */ = {isa = PBXFileReference; lastKnownFileType = file.storyboard; name = Base; path = Base.lproj/Main.storyboard; sourceTree = "<group>"; };
		901053681C035C81000BB4B4 /* Assets.xcassets */ = {isa = PBXFileReference; lastKnownFileType = folder.assetcatalog; path = Assets.xcassets; sourceTree = "<group>"; };
		9010536B1C035C81000BB4B4 /* Base */ = {isa = PBXFileReference; lastKnownFileType = file.storyboard; name = Base; path = Base.lproj/LaunchScreen.storyboard; sourceTree = "<group>"; };
		9010536D1C035C81000BB4B4 /* Info.plist */ = {isa = PBXFileReference; lastKnownFileType = text.plist.xml; path = Info.plist; sourceTree = "<group>"; };
		901053771C08BF3B000BB4B4 /* BrushSizeViewController.swift */ = {isa = PBXFileReference; fileEncoding = 4; lastKnownFileType = sourcecode.swift; path = BrushSizeViewController.swift; sourceTree = "<group>"; };
		901053791C0C94F9000BB4B4 /* OpacityViewController.swift */ = {isa = PBXFileReference; fileEncoding = 4; lastKnownFileType = sourcecode.swift; path = OpacityViewController.swift; sourceTree = "<group>"; };
		9010537B1C0CBDDD000BB4B4 /* ColorViewController.swift */ = {isa = PBXFileReference; fileEncoding = 4; lastKnownFileType = sourcecode.swift; path = ColorViewController.swift; sourceTree = "<group>"; };
		9010537D1C0DEBC1000BB4B4 /* CustomColor.swift */ = {isa = PBXFileReference; fileEncoding = 4; lastKnownFileType = sourcecode.swift; path = CustomColor.swift; sourceTree = "<group>"; };
/* End PBXFileReference section */

/* Begin PBXFrameworksBuildPhase section */
		9010535B1C035C81000BB4B4 /* Frameworks */ = {
			isa = PBXFrameworksBuildPhase;
			buildActionMask = 2147483647;
			files = (
			);
			runOnlyForDeploymentPostprocessing = 0;
		};
/* End PBXFrameworksBuildPhase section */

/* Begin PBXGroup section */
		901053551C035C81000BB4B4 = {
			isa = PBXGroup;
			children = (
				901053601C035C81000BB4B4 /* Fingerpainter */,
				9010535F1C035C81000BB4B4 /* Products */,
			);
			sourceTree = "<group>";
		};
		9010535F1C035C81000BB4B4 /* Products */ = {
			isa = PBXGroup;
			children = (
				9010535E1C035C81000BB4B4 /* Fingerpainter.app */,
			);
			name = Products;
			sourceTree = "<group>";
		};
		901053601C035C81000BB4B4 /* Fingerpainter */ = {
			isa = PBXGroup;
			children = (
				901053651C035C81000BB4B4 /* Main.storyboard */,
				901053631C035C81000BB4B4 /* DrawingViewController.swift */,
				901053771C08BF3B000BB4B4 /* BrushSizeViewController.swift */,
				901053791C0C94F9000BB4B4 /* OpacityViewController.swift */,
				9010537B1C0CBDDD000BB4B4 /* ColorViewController.swift */,
				9010537D1C0DEBC1000BB4B4 /* CustomColor.swift */,
				901053611C035C81000BB4B4 /* AppDelegate.swift */,
				901053681C035C81000BB4B4 /* Assets.xcassets */,
				9010536A1C035C81000BB4B4 /* LaunchScreen.storyboard */,
				9010536D1C035C81000BB4B4 /* Info.plist */,
			);
			path = Fingerpainter;
			sourceTree = "<group>";
		};
/* End PBXGroup section */

/* Begin PBXNativeTarget section */
		9010535D1C035C81000BB4B4 /* Fingerpainter */ = {
			isa = PBXNativeTarget;
			buildConfigurationList = 901053701C035C81000BB4B4 /* Build configuration list for PBXNativeTarget "Fingerpainter" */;
			buildPhases = (
				9010535A1C035C81000BB4B4 /* Sources */,
				9010535B1C035C81000BB4B4 /* Frameworks */,
				9010535C1C035C81000BB4B4 /* Resources */,
			);
			buildRules = (
			);
			dependencies = (
			);
			name = Fingerpainter;
			productName = Fingerpainter;
			productReference = 9010535E1C035C81000BB4B4 /* Fingerpainter.app */;
			productType = "com.apple.product-type.application";
		};
/* End PBXNativeTarget section */

/* Begin PBXProject section */
		901053561C035C81000BB4B4 /* Project object */ = {
			isa = PBXProject;
			attributes = {
				LastSwiftUpdateCheck = 0710;
				LastUpgradeCheck = 0710;
				ORGANIZATIONNAME = "Morgan Davison";
				TargetAttributes = {
					9010535D1C035C81000BB4B4 = {
						CreatedOnToolsVersion = 7.1.1;
						DevelopmentTeam = 2TEP68NZCD;
					};
				};
			};
			buildConfigurationList = 901053591C035C81000BB4B4 /* Build configuration list for PBXProject "Fingerpainting" */;
			compatibilityVersion = "Xcode 3.2";
			developmentRegion = English;
			hasScannedForEncodings = 0;
			knownRegions = (
				en,
				Base,
			);
			mainGroup = 901053551C035C81000BB4B4;
			productRefGroup = 9010535F1C035C81000BB4B4 /* Products */;
			projectDirPath = "";
			projectRoot = "";
			targets = (
				9010535D1C035C81000BB4B4 /* Fingerpainter */,
			);
		};
/* End PBXProject section */

/* Begin PBXResourcesBuildPhase section */
		9010535C1C035C81000BB4B4 /* Resources */ = {
			isa = PBXResourcesBuildPhase;
			buildActionMask = 2147483647;
			files = (
				9010536C1C035C81000BB4B4 /* LaunchScreen.storyboard in Resources */,
				901053691C035C81000BB4B4 /* Assets.xcassets in Resources */,
				901053671C035C81000BB4B4 /* Main.storyboard in Resources */,
			);
			runOnlyForDeploymentPostprocessing = 0;
		};
/* End PBXResourcesBuildPhase section */

/* Begin PBXSourcesBuildPhase section */
		9010535A1C035C81000BB4B4 /* Sources */ = {
			isa = PBXSourcesBuildPhase;
			buildActionMask = 2147483647;
			files = (
				9010537A1C0C94F9000BB4B4 /* OpacityViewController.swift in Sources */,
				9010537E1C0DEBC1000BB4B4 /* CustomColor.swift in Sources */,
				901053781C08BF3B000BB4B4 /* BrushSizeViewController.swift in Sources */,
				901053641C035C81000BB4B4 /* DrawingViewController.swift in Sources */,
				901053621C035C81000BB4B4 /* AppDelegate.swift in Sources */,
				9010537C1C0CBDDD000BB4B4 /* ColorViewController.swift in Sources */,
			);
			runOnlyForDeploymentPostprocessing = 0;
		};
/* End PBXSourcesBuildPhase section */

/* Begin PBXVariantGroup section */
		901053651C035C81000BB4B4 /* Main.storyboard */ = {
			isa = PBXVariantGroup;
			children = (
				901053661C035C81000BB4B4 /* Base */,
			);
			name = Main.storyboard;
			sourceTree = "<group>";
		};
		9010536A1C035C81000BB4B4 /* LaunchScreen.storyboard */ = {
			isa = PBXVariantGroup;
			children = (
				9010536B1C035C81000BB4B4 /* Base */,
			);
			name = LaunchScreen.storyboard;
			sourceTree = "<group>";
		};
/* End PBXVariantGroup section */

/* Begin XCBuildConfiguration section */
		9010536E1C035C81000BB4B4 /* Debug */ = {
			isa = XCBuildConfiguration;
			buildSettings = {
				ALWAYS_SEARCH_USER_PATHS = NO;
				CLANG_CXX_LANGUAGE_STANDARD = "gnu++0x";
				CLANG_CXX_LIBRARY = "libc++";
				CLANG_ENABLE_MODULES = YES;
				CLANG_ENABLE_OBJC_ARC = YES;
				CLANG_WARN_BOOL_CONVERSION = YES;
				CLANG_WARN_CONSTANT_CONVERSION = YES;
				CLANG_WARN_DIRECT_OBJC_ISA_USAGE = YES_ERROR;
				CLANG_WARN_EMPTY_BODY = YES;
				CLANG_WARN_ENUM_CONVERSION = YES;
				CLANG_WARN_INT_CONVERSION = YES;
				CLANG_WARN_OBJC_ROOT_CLASS = YES_ERROR;
				CLANG_WARN_UNREACHABLE_CODE = YES;
				CLANG_WARN__DUPLICATE_METHOD_MATCH = YES;
				"CODE_SIGN_IDENTITY[sdk=iphoneos*]" = "iPhone Developer";
				COPY_PHASE_STRIP = NO;
				DEBUG_INFORMATION_FORMAT = dwarf;
				ENABLE_STRICT_OBJC_MSGSEND = YES;
				ENABLE_TESTABILITY = YES;
				GCC_C_LANGUAGE_STANDARD = gnu99;
				GCC_DYNAMIC_NO_PIC = NO;
				GCC_NO_COMMON_BLOCKS = YES;
				GCC_OPTIMIZATION_LEVEL = 0;
				GCC_PREPROCESSOR_DEFINITIONS = (
					"DEBUG=1",
					"$(inherited)",
				);
				GCC_WARN_64_TO_32_BIT_CONVERSION = YES;
				GCC_WARN_ABOUT_RETURN_TYPE = YES_ERROR;
				GCC_WARN_UNDECLARED_SELECTOR = YES;
				GCC_WARN_UNINITIALIZED_AUTOS = YES_AGGRESSIVE;
				GCC_WARN_UNUSED_FUNCTION = YES;
				GCC_WARN_UNUSED_VARIABLE = YES;
				IPHONEOS_DEPLOYMENT_TARGET = 9.1;
				MTL_ENABLE_DEBUG_INFO = YES;
				ONLY_ACTIVE_ARCH = YES;
				SDKROOT = iphoneos;
				SWIFT_OPTIMIZATION_LEVEL = "-Onone";
				TARGETED_DEVICE_FAMILY = "1,2";
			};
			name = Debug;
		};
		9010536F1C035C81000BB4B4 /* Release */ = {
			isa = XCBuildConfiguration;
			buildSettings = {
				ALWAYS_SEARCH_USER_PATHS = NO;
				CLANG_CXX_LANGUAGE_STANDARD = "gnu++0x";
				CLANG_CXX_LIBRARY = "libc++";
				CLANG_ENABLE_MODULES = YES;
				CLANG_ENABLE_OBJC_ARC = YES;
				CLANG_WARN_BOOL_CONVERSION = YES;
				CLANG_WARN_CONSTANT_CONVERSION = YES;
				CLANG_WARN_DIRECT_OBJC_ISA_USAGE = YES_ERROR;
				CLANG_WARN_EMPTY_BODY = YES;
				CLANG_WARN_ENUM_CONVERSION = YES;
				CLANG_WARN_INT_CONVERSION = YES;
				CLANG_WARN_OBJC_ROOT_CLASS = YES_ERROR;
				CLANG_WARN_UNREACHABLE_CODE = YES;
				CLANG_WARN__DUPLICATE_METHOD_MATCH = YES;
				"CODE_SIGN_IDENTITY[sdk=iphoneos*]" = "iPhone Developer";
				COPY_PHASE_STRIP = NO;
				DEBUG_INFORMATION_FORMAT = "dwarf-with-dsym";
				ENABLE_NS_ASSERTIONS = NO;
				ENABLE_STRICT_OBJC_MSGSEND = YES;
				GCC_C_LANGUAGE_STANDARD = gnu99;
				GCC_NO_COMMON_BLOCKS = YES;
				GCC_WARN_64_TO_32_BIT_CONVERSION = YES;
				GCC_WARN_ABOUT_RETURN_TYPE = YES_ERROR;
				GCC_WARN_UNDECLARED_SELECTOR = YES;
				GCC_WARN_UNINITIALIZED_AUTOS = YES_AGGRESSIVE;
				GCC_WARN_UNUSED_FUNCTION = YES;
				GCC_WARN_UNUSED_VARIABLE = YES;
				IPHONEOS_DEPLOYMENT_TARGET = 9.1;
				MTL_ENABLE_DEBUG_INFO = NO;
				SDKROOT = iphoneos;
				TARGETED_DEVICE_FAMILY = "1,2";
				VALIDATE_PRODUCT = YES;
			};
			name = Release;
		};
		901053711C035C81000BB4B4 /* Debug */ = {
			isa = XCBuildConfiguration;
			buildSettings = {
				ASSETCATALOG_COMPILER_APPICON_NAME = AppIcon;
				CODE_SIGN_IDENTITY = "iPhone Distribution";
				"CODE_SIGN_IDENTITY[sdk=iphoneos*]" = "iPhone Developer";
				INFOPLIST_FILE = Fingerpainter/Info.plist;
				LD_RUNPATH_SEARCH_PATHS = "$(inherited) @executable_path/Frameworks";
				PRODUCT_BUNDLE_IDENTIFIER = com.morgandavison.Fingerpainting;
				PRODUCT_NAME = "$(TARGET_NAME)";
				PROVISIONING_PROFILE = "";
			};
			name = Debug;
		};
		901053721C035C81000BB4B4 /* Release */ = {
			isa = XCBuildConfiguration;
			buildSettings = {
				ASSETCATALOG_COMPILER_APPICON_NAME = AppIcon;
				CODE_SIGN_IDENTITY = "iPhone Distribution";
				"CODE_SIGN_IDENTITY[sdk=iphoneos*]" = "iPhone Developer";
				INFOPLIST_FILE = Fingerpainter/Info.plist;
				LD_RUNPATH_SEARCH_PATHS = "$(inherited) @executable_path/Frameworks";
				PRODUCT_BUNDLE_IDENTIFIER = com.morgandavison.Fingerpainting;
				PRODUCT_NAME = "$(TARGET_NAME)";
				PROVISIONING_PROFILE = "";
			};
			name = Release;
		};
/* End XCBuildConfiguration section */

/* Begin XCConfigurationList section */
		901053591C035C81000BB4B4 /* Build configuration list for PBXProject "Fingerpainting" */ = {
			isa = XCConfigurationList;
			buildConfigurations = (
				9010536E1C035C81000BB4B4 /* Debug */,
				9010536F1C035C81000BB4B4 /* Release */,
			);
			defaultConfigurationIsVisible = 0;
			defaultConfigurationName = Release;
		};
		901053701C035C81000BB4B4 /* Build configuration list for PBXNativeTarget "Fingerpainter" */ = {
			isa = XCConfigurationList;
			buildConfigurations = (
				901053711C035C81000BB4B4 /* Debug */,
				901053721C035C81000BB4B4 /* Release */,
			);
			defaultConfigurationIsVisible = 0;
			defaultConfigurationName = Release;
		};
/* End XCConfigurationList section */
	};
	rootObject = 901053561C035C81000BB4B4 /* Project object */;
}
